
Microsoft Visual Studio Solution File, Format Version 12.00
# Visual Studio Version 16
VisualStudioVersion = 16.0.32407.337
MinimumVisualStudioVersion = 10.0.40219.1
Project("{FAE04EC0-301F-11D3-BF4B-00C04F79EFBC}") = "ResponsiPemrograman1521", "ResponsiPemrograman1521\ResponsiPemrograman1521.csproj", "{45D1B49F-9D7E-40E7-A0FC-343B7D59A6E3}"
EndProject
Global
	GlobalSection(SolutionConfigurationPlatforms) = preSolution
		Debug|Any CPU = Debug|Any CPU
		Release|Any CPU = Release|Any CPU
	EndGlobalSection
	GlobalSection(ProjectConfigurationPlatforms) = postSolution
		{45D1B49F-9D7E-40E7-A0FC-343B7D59A6E3}.Debug|Any CPU.ActiveCfg = Debug|Any CPU
		{45D1B49F-9D7E-40E7-A0FC-343B7D59A6E3}.Debug|Any CPU.Build.0 = Debug|Any CPU
		{45D1B49F-9D7E-40E7-A0FC-343B7D59A6E3}.Release|Any CPU.ActiveCfg = Release|Any CPU
		{45D1B49F-9D7E-40E7-A0FC-343B7D59A6E3}.Release|Any CPU.Build.0 = Release|Any CPU
	EndGlobalSection
	GlobalSection(SolutionProperties) = preSolution
		HideSolutionNode = FALSE
	EndGlobalSection
	GlobalSection(ExtensibilityGlobals) = postSolution
		SolutionGuid = {55926B2F-03E5-47DB-BAAE-3A98102E8236}
	EndGlobalSection
EndGlobal
